Microsoft Visual Studio Solution File, Format Version 12.00
# Visual Studio Version 17
VisualStudioVersion = 17.13.35919.96
MinimumVisualStudioVersion = 10.0.40219.1
Project("{FAE04EC0-301F-11D3-BF4B-00C04F79EFBC}") = "FactoryMethod", "FactoryMethod\FactoryMethod.csproj", "{63A23FF0-8F34-4E25-B5B0-8ACA76684075}"
EndProject
Project("{FAE04EC0-301F-11D3-BF4B-00C04F79EFBC}") = "AbstractFactory", "AbstractFactory\AbstractFactory.csproj", "{8F65BC7C-A991-4D51-8760-63E13A6E122D}"
EndProject
Project("{FAE04EC0-301F-11D3-BF4B-00C04F79EFBC}") = "Builder", "Builder\Builder.csproj", "{9099A60B-F401-4D99-9374-BF522B9B1007}"
EndProject
Project("{FAE04EC0-301F-11D3-BF4B-00C04F79EFBC}") = "Adapter", "Adapter\Adapter.csproj", "{A867AFA1-9CA8-4F4F-A2B1-1A308E0400CF}"
EndProject
Project("{FAE04EC0-301F-11D3-BF4B-00C04F79EFBC}") = "Bridge", "Bridge\Bridge.csproj", "{C24BBACA-A930-4D00-A275-3E3F7ED5C0B7}"
EndProject
Project("{FAE04EC0-301F-11D3-BF4B-00C04F79EFBC}") = "ChainOfResponsability", "ChainOfResponsability\ChainOfResponsability.csproj", "{524EF209-E751-4A34-ABC7-6045CD8358A4}"
EndProject
Global
	GlobalSection(SolutionConfigurationPlatforms) = preSolution
		Debug|Any CPU = Debug|Any CPU
		Release|Any CPU = Release|Any CPU
	EndGlobalSection
	GlobalSection(ProjectConfigurationPlatforms) = postSolution
		{63A23FF0-8F34-4E25-B5B0-8ACA76684075}.Debug|Any CPU.ActiveCfg = Debug|Any CPU
		{63A23FF0-8F34-4E25-B5B0-8ACA76684075}.Debug|Any CPU.Build.0 = Debug|Any CPU
		{63A23FF0-8F34-4E25-B5B0-8ACA76684075}.Release|Any CPU.ActiveCfg = Release|Any CPU
		{63A23FF0-8F34-4E25-B5B0-8ACA76684075}.Release|Any CPU.Build.0 = Release|Any CPU
		{8F65BC7C-A991-4D51-8760-63E13A6E122D}.Debug|Any CPU.ActiveCfg = Debug|Any CPU
		{8F65BC7C-A991-4D51-8760-63E13A6E122D}.Debug|Any CPU.Build.0 = Debug|Any CPU
		{8F65BC7C-A991-4D51-8760-63E13A6E122D}.Release|Any CPU.ActiveCfg = Release|Any CPU
		{8F65BC7C-A991-4D51-8760-63E13A6E122D}.Release|Any CPU.Build.0 = Release|Any CPU
		{9099A60B-F401-4D99-9374-BF522B9B1007}.Debug|Any CPU.ActiveCfg = Debug|Any CPU
		{9099A60B-F401-4D99-9374-BF522B9B1007}.Debug|Any CPU.Build.0 = Debug|Any CPU
		{9099A60B-F401-4D99-9374-BF522B9B1007}.Release|Any CPU.ActiveCfg = Release|Any CPU
		{9099A60B-F401-4D99-9374-BF522B9B1007}.Release|Any CPU.Build.0 = Release|Any CPU
		{A867AFA1-9CA8-4F4F-A2B1-1A308E0400CF}.Debug|Any CPU.ActiveCfg = Debug|Any CPU
		{A867AFA1-9CA8-4F4F-A2B1-1A308E0400CF}.Debug|Any CPU.Build.0 = Debug|Any CPU
		{A867AFA1-9CA8-4F4F-A2B1-1A308E0400CF}.Release|Any CPU.ActiveCfg = Release|Any CPU
		{A867AFA1-9CA8-4F4F-A2B1-1A308E0400CF}.Release|Any CPU.Build.0 = Release|Any CPU
		{C24BBACA-A930-4D00-A275-3E3F7ED5C0B7}.Debug|Any CPU.ActiveCfg = Debug|Any CPU
		{C24BBACA-A930-4D00-A275-3E3F7ED5C0B7}.Debug|Any CPU.Build.0 = Debug|Any CPU
		{C24BBACA-A930-4D00-A275-3E3F7ED5C0B7}.Release|Any CPU.ActiveCfg = Release|Any CPU
		{C24BBACA-A930-4D00-A275-3E3F7ED5C0B7}.Release|Any CPU.Build.0 = Release|Any CPU
		{524EF209-E751-4A34-ABC7-6045CD8358A4}.Debug|Any CPU.ActiveCfg = Debug|Any CPU
		{524EF209-E751-4A34-ABC7-6045CD8358A4}.Debug|Any CPU.Build.0 = Debug|Any CPU
		{524EF209-E751-4A34-ABC7-6045CD8358A4}.Release|Any CPU.ActiveCfg = Release|Any CPU
		{524EF209-E751-4A34-ABC7-6045CD8358A4}.Release|Any CPU.Build.0 = Release|Any CPU
	EndGlobalSection
	GlobalSection(SolutionProperties) = preSolution
		HideSolutionNode = FALSE
	EndGlobalSection
	GlobalSection(ExtensibilityGlobals) = postSolution
		SolutionGuid = {84B15B05-395A-4425-97FD-C88AC2134E48}
	EndGlobalSection
EndGlobal
